
Microsoft Visual Studio Solution File, Format Version 12.00
# Visual Studio 15
VisualStudioVersion = 15.0.27130.2027
MinimumVisualStudioVersion = 10.0.40219.1
Project("{888888A0-9F3D-457C-B088-3A5042F75D52}") = "DjangoWebProject_F", "DjangoWebProject_F\DjangoWebProject_F.pyproj", "{FDD25301-796E-44BD-BD67-DFF390ADBCE8}"
EndProject
Global
	GlobalSection(SolutionConfigurationPlatforms) = preSolution
		Debug|Any CPU = Debug|Any CPU
		Release|Any CPU = Release|Any CPU
	EndGlobalSection
	GlobalSection(ProjectConfigurationPlatforms) = postSolution
		{FDD25301-796E-44BD-BD67-DFF390ADBCE8}.Debug|Any CPU.ActiveCfg = Debug|Any CPU
		{FDD25301-796E-44BD-BD67-DFF390ADBCE8}.Debug|Any CPU.Build.0 = Debug|Any CPU
		{FDD25301-796E-44BD-BD67-DFF390ADBCE8}.Release|Any CPU.ActiveCfg = Release|Any CPU
		{FDD25301-796E-44BD-BD67-DFF390ADBCE8}.Release|Any CPU.Build.0 = Release|Any CPU
	EndGlobalSection
	GlobalSection(SolutionProperties) = preSolution
		HideSolutionNode = FALSE
	EndGlobalSection
	GlobalSection(ExtensibilityGlobals) = postSolution
		SolutionGuid = {51E87C87-2BEF-4152-8E0C-839A2A633336}
	EndGlobalSection
EndGlobal
